
Microsoft Visual Studio Solution File, Format Version 11.00
# Visual C++ Express 2010
Project("{8BC9CEB8-8B4A-11D0-8D11-00A0C91BC942}") = "GlutTest", "GlutTest\GlutTest.vcxproj", "{FBFAF0A3-585D-4856-B998-75B760698012}"
EndProject
Global
	GlobalSection(SolutionConfigurationPlatforms) = preSolution
		Debug|Win32 = Debug|Win32
		Release|Win32 = Release|Win32
	EndGlobalSection
	GlobalSection(ProjectConfigurationPlatforms) = postSolution
		{FBFAF0A3-585D-4856-B998-75B760698012}.Debug|Win32.ActiveCfg = Debug|Win32
		{FBFAF0A3-585D-4856-B998-75B760698012}.Debug|Win32.Build.0 = Debug|Win32
		{FBFAF0A3-585D-4856-B998-75B760698012}.Release|Win32.ActiveCfg = Release|Win32
		{FBFAF0A3-585D-4856-B998-75B760698012}.Release|Win32.Build.0 = Release|Win32
	EndGlobalSection
	GlobalSection(SolutionProperties) = preSolution
		HideSolutionNode = FALSE
	EndGlobalSection
EndGlobal
